
Microsoft Visual Studio Solution File, Format Version 12.00
# Visual Studio 15
VisualStudioVersion = 15.0.26124.0
MinimumVisualStudioVersion = 15.0.26124.0
Project("{FAE04EC0-301F-11D3-BF4B-00C04F79EFBC}") = "CommCalc.Core", "CommCalc.Core\CommCalc.Core.csproj", "{FA107BE6-FA27-4675-9AB2-464F561CE98F}"
EndProject
Project("{FAE04EC0-301F-11D3-BF4B-00C04F79EFBC}") = "CommCalc.Server", "CommCalc.Server\CommCalc.Server.csproj", "{373FE146-34A0-4CAE-A1BC-D33DD12E13B7}"
EndProject
Project("{FAE04EC0-301F-11D3-BF4B-00C04F79EFBC}") = "CommCalc.Client", "CommCalc.Client\CommCalc.Client.csproj", "{F2B39ABE-B9A2-4F2F-9642-3AEE1C275164}"
EndProject
Project("{FAE04EC0-301F-11D3-BF4B-00C04F79EFBC}") = "CommCalc.Contracts", "CommCalc.Contracts\CommCalc.Contracts.csproj", "{80D8DF8C-9874-408F-A66F-ABA91080BAE4}"
EndProject
Global
	GlobalSection(SolutionConfigurationPlatforms) = preSolution
		Debug|Any CPU = Debug|Any CPU
		Debug|x64 = Debug|x64
		Debug|x86 = Debug|x86
		Release|Any CPU = Release|Any CPU
		Release|x64 = Release|x64
		Release|x86 = Release|x86
	EndGlobalSection
	GlobalSection(SolutionProperties) = preSolution
		HideSolutionNode = FALSE
	EndGlobalSection
	GlobalSection(ProjectConfigurationPlatforms) = postSolution
		{FA107BE6-FA27-4675-9AB2-464F561CE98F}.Debug|Any CPU.ActiveCfg = Debug|Any CPU
		{FA107BE6-FA27-4675-9AB2-464F561CE98F}.Debug|Any CPU.Build.0 = Debug|Any CPU
		{FA107BE6-FA27-4675-9AB2-464F561CE98F}.Debug|x64.ActiveCfg = Debug|Any CPU
		{FA107BE6-FA27-4675-9AB2-464F561CE98F}.Debug|x64.Build.0 = Debug|Any CPU
		{FA107BE6-FA27-4675-9AB2-464F561CE98F}.Debug|x86.ActiveCfg = Debug|Any CPU
		{FA107BE6-FA27-4675-9AB2-464F561CE98F}.Debug|x86.Build.0 = Debug|Any CPU
		{FA107BE6-FA27-4675-9AB2-464F561CE98F}.Release|Any CPU.ActiveCfg = Release|Any CPU
		{FA107BE6-FA27-4675-9AB2-464F561CE98F}.Release|Any CPU.Build.0 = Release|Any CPU
		{FA107BE6-FA27-4675-9AB2-464F561CE98F}.Release|x64.ActiveCfg = Release|Any CPU
		{FA107BE6-FA27-4675-9AB2-464F561CE98F}.Release|x64.Build.0 = Release|Any CPU
		{FA107BE6-FA27-4675-9AB2-464F561CE98F}.Release|x86.ActiveCfg = Release|Any CPU
		{FA107BE6-FA27-4675-9AB2-464F561CE98F}.Release|x86.Build.0 = Release|Any CPU
		{373FE146-34A0-4CAE-A1BC-D33DD12E13B7}.Debug|Any CPU.ActiveCfg = Debug|Any CPU
		{373FE146-34A0-4CAE-A1BC-D33DD12E13B7}.Debug|Any CPU.Build.0 = Debug|Any CPU
		{373FE146-34A0-4CAE-A1BC-D33DD12E13B7}.Debug|x64.ActiveCfg = Debug|Any CPU
		{373FE146-34A0-4CAE-A1BC-D33DD12E13B7}.Debug|x64.Build.0 = Debug|Any CPU
		{373FE146-34A0-4CAE-A1BC-D33DD12E13B7}.Debug|x86.ActiveCfg = Debug|Any CPU
		{373FE146-34A0-4CAE-A1BC-D33DD12E13B7}.Debug|x86.Build.0 = Debug|Any CPU
		{373FE146-34A0-4CAE-A1BC-D33DD12E13B7}.Release|Any CPU.ActiveCfg = Release|Any CPU
		{373FE146-34A0-4CAE-A1BC-D33DD12E13B7}.Release|Any CPU.Build.0 = Release|Any CPU
		{373FE146-34A0-4CAE-A1BC-D33DD12E13B7}.Release|x64.ActiveCfg = Release|Any CPU
		{373FE146-34A0-4CAE-A1BC-D33DD12E13B7}.Release|x64.Build.0 = Release|Any CPU
		{373FE146-34A0-4CAE-A1BC-D33DD12E13B7}.Release|x86.ActiveCfg = Release|Any CPU
		{373FE146-34A0-4CAE-A1BC-D33DD12E13B7}.Release|x86.Build.0 = Release|Any CPU
		{F2B39ABE-B9A2-4F2F-9642-3AEE1C275164}.Debug|Any CPU.ActiveCfg = Debug|Any CPU
		{F2B39ABE-B9A2-4F2F-9642-3AEE1C275164}.Debug|Any CPU.Build.0 = Debug|Any CPU
		{F2B39ABE-B9A2-4F2F-9642-3AEE1C275164}.Debug|x64.ActiveCfg = Debug|Any CPU
		{F2B39ABE-B9A2-4F2F-9642-3AEE1C275164}.Debug|x64.Build.0 = Debug|Any CPU
		{F2B39ABE-B9A2-4F2F-9642-3AEE1C275164}.Debug|x86.ActiveCfg = Debug|Any CPU
		{F2B39ABE-B9A2-4F2F-9642-3AEE1C275164}.Debug|x86.Build.0 = Debug|Any CPU
		{F2B39ABE-B9A2-4F2F-9642-3AEE1C275164}.Release|Any CPU.ActiveCfg = Release|Any CPU
		{F2B39ABE-B9A2-4F2F-9642-3AEE1C275164}.Release|Any CPU.Build.0 = Release|Any CPU
		{F2B39ABE-B9A2-4F2F-9642-3AEE1C275164}.Release|x64.ActiveCfg = Release|Any CPU
		{F2B39ABE-B9A2-4F2F-9642-3AEE1C275164}.Release|x64.Build.0 = Release|Any CPU
		{F2B39ABE-B9A2-4F2F-9642-3AEE1C275164}.Release|x86.ActiveCfg = Release|Any CPU
		{F2B39ABE-B9A2-4F2F-9642-3AEE1C275164}.Release|x86.Build.0 = Release|Any CPU
		{80D8DF8C-9874-408F-A66F-ABA91080BAE4}.Debug|Any CPU.ActiveCfg = Debug|Any CPU
		{80D8DF8C-9874-408F-A66F-ABA91080BAE4}.Debug|Any CPU.Build.0 = Debug|Any CPU
		{80D8DF8C-9874-408F-A66F-ABA91080BAE4}.Debug|x64.ActiveCfg = Debug|Any CPU
		{80D8DF8C-9874-408F-A66F-ABA91080BAE4}.Debug|x64.Build.0 = Debug|Any CPU
		{80D8DF8C-9874-408F-A66F-ABA91080BAE4}.Debug|x86.ActiveCfg = Debug|Any CPU
		{80D8DF8C-9874-408F-A66F-ABA91080BAE4}.Debug|x86.Build.0 = Debug|Any CPU
		{80D8DF8C-9874-408F-A66F-ABA91080BAE4}.Release|Any CPU.ActiveCfg = Release|Any CPU
		{80D8DF8C-9874-408F-A66F-ABA91080BAE4}.Release|Any CPU.Build.0 = Release|Any CPU
		{80D8DF8C-9874-408F-A66F-ABA91080BAE4}.Release|x64.ActiveCfg = Release|Any CPU
		{80D8DF8C-9874-408F-A66F-ABA91080BAE4}.Release|x64.Build.0 = Release|Any CPU
		{80D8DF8C-9874-408F-A66F-ABA91080BAE4}.Release|x86.ActiveCfg = Release|Any CPU
		{80D8DF8C-9874-408F-A66F-ABA91080BAE4}.Release|x86.Build.0 = Release|Any CPU
	EndGlobalSection
EndGlobal
